
Microsoft Visual Studio Solution File, Format Version 12.00
# Visual Studio Version 16
VisualStudioVersion = 16.0.28803.352
MinimumVisualStudioVersion = 10.0.40219.1
Project("{FAE04EC0-301F-11D3-BF4B-00C04F79EFBC}") = "AxialisIconGeneratorHelper", "AxialisIconGeneratorHelper\AxialisIconGeneratorHelper.csproj", "{4073AB77-ACB4-4152-80E8-50DD84DCDD8D}"
EndProject
Global
	GlobalSection(SolutionConfigurationPlatforms) = preSolution
		Debug|Any CPU = Debug|Any CPU
		Release|Any CPU = Release|Any CPU
	EndGlobalSection
	GlobalSection(ProjectConfigurationPlatforms) = postSolution
		{4073AB77-ACB4-4152-80E8-50DD84DCDD8D}.Debug|Any CPU.ActiveCfg = Debug|Any CPU
		{4073AB77-ACB4-4152-80E8-50DD84DCDD8D}.Debug|Any CPU.Build.0 = Debug|Any CPU
		{4073AB77-ACB4-4152-80E8-50DD84DCDD8D}.Release|Any CPU.ActiveCfg = Release|Any CPU
		{4073AB77-ACB4-4152-80E8-50DD84DCDD8D}.Release|Any CPU.Build.0 = Release|Any CPU
	EndGlobalSection
	GlobalSection(SolutionProperties) = preSolution
		HideSolutionNode = FALSE
	EndGlobalSection
	GlobalSection(ExtensibilityGlobals) = postSolution
		SolutionGuid = {5063A858-7268-40A1-A85E-7D564D699E30}
	EndGlobalSection
EndGlobal
